
Microsoft Visual Studio Solution File, Format Version 12.00
# Visual Studio Version 17
VisualStudioVersion = 17.8.34525.116
MinimumVisualStudioVersion = 10.0.40219.1
Project("{9A19103F-16F7-4668-BE54-9A1E7A4F7556}") = "Domain", "Domain\Domain.csproj", "{6ABFE934-E82E-4544-A4AB-AFC93B4D6497}"
EndProject
Project("{9A19103F-16F7-4668-BE54-9A1E7A4F7556}") = "UnitTests", "UnitTests\UnitTests.csproj", "{B374511B-170C-4EAD-91AD-B43F026066E9}"
EndProject
Global
	GlobalSection(SolutionConfigurationPlatforms) = preSolution
		Debug|Any CPU = Debug|Any CPU
		Release|Any CPU = Release|Any CPU
	EndGlobalSection
	GlobalSection(ProjectConfigurationPlatforms) = postSolution
		{6ABFE934-E82E-4544-A4AB-AFC93B4D6497}.Debug|Any CPU.ActiveCfg = Debug|Any CPU
		{6ABFE934-E82E-4544-A4AB-AFC93B4D6497}.Debug|Any CPU.Build.0 = Debug|Any CPU
		{6ABFE934-E82E-4544-A4AB-AFC93B4D6497}.Release|Any CPU.ActiveCfg = Release|Any CPU
		{6ABFE934-E82E-4544-A4AB-AFC93B4D6497}.Release|Any CPU.Build.0 = Release|Any CPU
		{B374511B-170C-4EAD-91AD-B43F026066E9}.Debug|Any CPU.ActiveCfg = Debug|Any CPU
		{B374511B-170C-4EAD-91AD-B43F026066E9}.Debug|Any CPU.Build.0 = Debug|Any CPU
		{B374511B-170C-4EAD-91AD-B43F026066E9}.Release|Any CPU.ActiveCfg = Release|Any CPU
		{B374511B-170C-4EAD-91AD-B43F026066E9}.Release|Any CPU.Build.0 = Release|Any CPU
	EndGlobalSection
	GlobalSection(SolutionProperties) = preSolution
		HideSolutionNode = FALSE
	EndGlobalSection
	GlobalSection(ExtensibilityGlobals) = postSolution
		SolutionGuid = {CCAA4DA0-8B01-4FEC-9CBA-542B4AA660B5}
	EndGlobalSection
EndGlobal
